
Microsoft Visual Studio Solution File, Format Version 12.00
# Visual Studio 15
VisualStudioVersion = 15.0.28010.2003
MinimumVisualStudioVersion = 10.0.40219.1
Project("{FAE04EC0-301F-11D3-BF4B-00C04F79EFBC}") = "Project", "Project\Project.csproj", "{E99AE387-7AD8-423F-A32C-2544041CC5E1}"
EndProject
Global
	GlobalSection(SolutionConfigurationPlatforms) = preSolution
		Debug|Any CPU = Debug|Any CPU
		Release|Any CPU = Release|Any CPU
	EndGlobalSection
	GlobalSection(ProjectConfigurationPlatforms) = postSolution
		{E99AE387-7AD8-423F-A32C-2544041CC5E1}.Debug|Any CPU.ActiveCfg = Debug|Any CPU
		{E99AE387-7AD8-423F-A32C-2544041CC5E1}.Debug|Any CPU.Build.0 = Debug|Any CPU
		{E99AE387-7AD8-423F-A32C-2544041CC5E1}.Release|Any CPU.ActiveCfg = Release|Any CPU
		{E99AE387-7AD8-423F-A32C-2544041CC5E1}.Release|Any CPU.Build.0 = Release|Any CPU
	EndGlobalSection
	GlobalSection(SolutionProperties) = preSolution
		HideSolutionNode = FALSE
	EndGlobalSection
	GlobalSection(ExtensibilityGlobals) = postSolution
		SolutionGuid = {E92F164E-77E5-486B-B3B1-45B71B0468FC}
	EndGlobalSection
EndGlobal
